
Microsoft Visual Studio Solution File, Format Version 12.00
# Visual Studio 15
Project("{FAE04EC0-301F-11D3-BF4B-00C04F79EFBC}") = "XCharts.Editor", "XCharts.Editor.csproj", "{00DDD6CD-1BEB-B014-8BC3-C7365AC3BC05}"
EndProject
Project("{FAE04EC0-301F-11D3-BF4B-00C04F79EFBC}") = "XCharts.Runtime", "XCharts.Runtime.csproj", "{5DAE7934-A272-7940-D25C-BF03096584EF}"
EndProject
Project("{FAE04EC0-301F-11D3-BF4B-00C04F79EFBC}") = "XCharts.Examples", "XCharts.Examples.csproj", "{6B610FEA-7C54-FADF-8201-0E811F3730C6}"
EndProject
Project("{FAE04EC0-301F-11D3-BF4B-00C04F79EFBC}") = "Assembly-CSharp", "Assembly-CSharp.csproj", "{D0F74257-F6B2-DCEA-FC51-AA11C694D4B0}"
EndProject
Global
	GlobalSection(SolutionConfigurationPlatforms) = preSolution
		Debug|Any CPU = Debug|Any CPU
		Release|Any CPU = Release|Any CPU
	EndGlobalSection
	GlobalSection(ProjectConfigurationPlatforms) = postSolution
		{00DDD6CD-1BEB-B014-8BC3-C7365AC3BC05}.Debug|Any CPU.ActiveCfg = Debug|Any CPU
		{00DDD6CD-1BEB-B014-8BC3-C7365AC3BC05}.Debug|Any CPU.Build.0 = Debug|Any CPU
		{00DDD6CD-1BEB-B014-8BC3-C7365AC3BC05}.Release|Any CPU.ActiveCfg = Release|Any CPU
		{00DDD6CD-1BEB-B014-8BC3-C7365AC3BC05}.Release|Any CPU.Build.0 = Release|Any CPU
		{5DAE7934-A272-7940-D25C-BF03096584EF}.Debug|Any CPU.ActiveCfg = Debug|Any CPU
		{5DAE7934-A272-7940-D25C-BF03096584EF}.Debug|Any CPU.Build.0 = Debug|Any CPU
		{5DAE7934-A272-7940-D25C-BF03096584EF}.Release|Any CPU.ActiveCfg = Release|Any CPU
		{5DAE7934-A272-7940-D25C-BF03096584EF}.Release|Any CPU.Build.0 = Release|Any CPU
		{6B610FEA-7C54-FADF-8201-0E811F3730C6}.Debug|Any CPU.ActiveCfg = Debug|Any CPU
		{6B610FEA-7C54-FADF-8201-0E811F3730C6}.Debug|Any CPU.Build.0 = Debug|Any CPU
		{6B610FEA-7C54-FADF-8201-0E811F3730C6}.Release|Any CPU.ActiveCfg = Release|Any CPU
		{6B610FEA-7C54-FADF-8201-0E811F3730C6}.Release|Any CPU.Build.0 = Release|Any CPU
		{D0F74257-F6B2-DCEA-FC51-AA11C694D4B0}.Debug|Any CPU.ActiveCfg = Debug|Any CPU
		{D0F74257-F6B2-DCEA-FC51-AA11C694D4B0}.Debug|Any CPU.Build.0 = Debug|Any CPU
		{D0F74257-F6B2-DCEA-FC51-AA11C694D4B0}.Release|Any CPU.ActiveCfg = Release|Any CPU
		{D0F74257-F6B2-DCEA-FC51-AA11C694D4B0}.Release|Any CPU.Build.0 = Release|Any CPU
	EndGlobalSection
	GlobalSection(SolutionProperties) = preSolution
		HideSolutionNode = FALSE
	EndGlobalSection
EndGlobal
